// !$*UTF8*$!
{
	archiveVersion = 1;
	classes = {
	};
	objectVersion = 46;
	objects = {

/* Begin PBXBuildFile section */
		1CD39DFF1C52E4C800736BCD /* AppDelegate.swift in Sources */ = {isa = PBXBuildFile; fileRef = 1CD39DFE1C52E4C800736BCD /* AppDelegate.swift */; };
		1CD39E041C52E4C800736BCD /* Main.storyboard in Resources */ = {isa = PBXBuildFile; fileRef = 1CD39E021C52E4C800736BCD /* Main.storyboard */; };
		1CD39E061C52E4C800736BCD /* Assets.xcassets in Resources */ = {isa = PBXBuildFile; fileRef = 1CD39E051C52E4C800736BCD /* Assets.xcassets */; };
		1CD39E091C52E4C800736BCD /* LaunchScreen.storyboard in Resources */ = {isa = PBXBuildFile; fileRef = 1CD39E071C52E4C800736BCD /* LaunchScreen.storyboard */; };
		1CD39E141C52E4C900736BCD /* loaderTests.swift in Sources */ = {isa = PBXBuildFile; fileRef = 1CD39E131C52E4C900736BCD /* loaderTests.swift */; };
		1CD39E1F1C52E4C900736BCD /* loaderUITests.swift in Sources */ = {isa = PBXBuildFile; fileRef = 1CD39E1E1C52E4C900736BCD /* loaderUITests.swift */; };
/* End PBXBuildFile section */

/* Begin PBXContainerItemProxy section */
		1CD39E101C52E4C900736BCD /* PBXContainerItemProxy */ = {
			isa = PBXContainerItemProxy;
			containerPortal = 1CD39DF31C52E4C800736BCD /* Project object */;
			proxyType = 1;
			remoteGlobalIDString = 1CD39DFA1C52E4C800736BCD;
			remoteInfo = loader;
		};
		1CD39E1B1C52E4C900736BCD /* PBXContainerItemProxy */ = {
			isa = PBXContainerItemProxy;
			containerPortal = 1CD39DF31C52E4C800736BCD /* Project object */;
			proxyType = 1;
			remoteGlobalIDString = 1CD39DFA1C52E4C800736BCD;
			remoteInfo = loader;
		};
/* End PBXContainerItemProxy section */

/* Begin PBXFileReference section */
		1CD39DFB1C52E4C800736BCD /* circleLoader.app */ = {isa = PBXFileReference; explicitFileType = wrapper.application; includeInIndex = 0; path = circleLoader.app; sourceTree = BUILT_PRODUCTS_DIR; };
		1CD39DFE1C52E4C800736BCD /* AppDelegate.swift */ = {isa = PBXFileReference; lastKnownFileType = sourcecode.swift; path = AppDelegate.swift; sourceTree = "<group>"; };
		1CD39E031C52E4C800736BCD /* Base */ = {isa = PBXFileReference; lastKnownFileType = file.storyboard; name = Base; path = Base.lproj/Main.storyboard; sourceTree = "<group>"; };
		1CD39E051C52E4C800736BCD /* Assets.xcassets */ = {isa = PBXFileReference; lastKnownFileType = folder.assetcatalog; path = Assets.xcassets; sourceTree = "<group>"; };
		1CD39E081C52E4C800736BCD /* Base */ = {isa = PBXFileReference; lastKnownFileType = file.storyboard; name = Base; path = Base.lproj/LaunchScreen.storyboard; sourceTree = "<group>"; };
		1CD39E0A1C52E4C800736BCD /* Info.plist */ = {isa = PBXFileReference; lastKnownFileType = text.plist.xml; path = Info.plist; sourceTree = "<group>"; };
		1CD39E0F1C52E4C900736BCD /* circleLoader.xctest */ = {isa = PBXFileReference; explicitFileType = wrapper.cfbundle; includeInIndex = 0; path = circleLoader.xctest; sourceTree = BUILT_PRODUCTS_DIR; };
		1CD39E131C52E4C900736BCD /* loaderTests.swift */ = {isa = PBXFileReference; lastKnownFileType = sourcecode.swift; path = loaderTests.swift; sourceTree = "<group>"; };
		1CD39E151C52E4C900736BCD /* Info.plist */ = {isa = PBXFileReference; lastKnownFileType = text.plist.xml; path = Info.plist; sourceTree = "<group>"; };
		1CD39E1A1C52E4C900736BCD /* circleLoader.xctest */ = {isa = PBXFileReference; explicitFileType = wrapper.cfbundle; includeInIndex = 0; path = circleLoader.xctest; sourceTree = BUILT_PRODUCTS_DIR; };
		1CD39E1E1C52E4C900736BCD /* loaderUITests.swift */ = {isa = PBXFileReference; lastKnownFileType = sourcecode.swift; path = loaderUITests.swift; sourceTree = "<group>"; };
		1CD39E201C52E4C900736BCD /* Info.plist */ = {isa = PBXFileReference; lastKnownFileType = text.plist.xml; path = Info.plist; sourceTree = "<group>"; };
/* End PBXFileReference section */

/* Begin PBXFrameworksBuildPhase section */
		1CD39DF81C52E4C800736BCD /* Frameworks */ = {
			isa = PBXFrameworksBuildPhase;
			buildActionMask = 2147483647;
			files = (
			);
			runOnlyForDeploymentPostprocessing = 0;
		};
		1CD39E0C1C52E4C900736BCD /* Frameworks */ = {
			isa = PBXFrameworksBuildPhase;
			buildActionMask = 2147483647;
			files = (
			);
			runOnlyForDeploymentPostprocessing = 0;
		};
		1CD39E171C52E4C900736BCD /* Frameworks */ = {
			isa = PBXFrameworksBuildPhase;
			buildActionMask = 2147483647;
			files = (
			);
			runOnlyForDeploymentPostprocessing = 0;
		};
/* End PBXFrameworksBuildPhase section */

/* Begin PBXGroup section */
		1CD39DF21C52E4C800736BCD = {
			isa = PBXGroup;
			children = (
				1CD39DFD1C52E4C800736BCD /* circleLoader */,
				1CD39E121C52E4C900736BCD /* loaderTests */,
				1CD39E1D1C52E4C900736BCD /* loaderUITests */,
				1CD39DFC1C52E4C800736BCD /* Products */,
			);
			sourceTree = "<group>";
		};
		1CD39DFC1C52E4C800736BCD /* Products */ = {
			isa = PBXGroup;
			children = (
				1CD39DFB1C52E4C800736BCD /* circleLoader.app */,
				1CD39E0F1C52E4C900736BCD /* circleLoader.xctest */,
				1CD39E1A1C52E4C900736BCD /* circleLoader.xctest */,
			);
			name = Products;
			sourceTree = "<group>";
		};
		1CD39DFD1C52E4C800736BCD /* circleLoader */ = {
			isa = PBXGroup;
			children = (
				1CD39DFE1C52E4C800736BCD /* AppDelegate.swift */,
				1CD39E021C52E4C800736BCD /* Main.storyboard */,
				1CD39E051C52E4C800736BCD /* Assets.xcassets */,
				1CD39E071C52E4C800736BCD /* LaunchScreen.storyboard */,
				1CD39E0A1C52E4C800736BCD /* Info.plist */,
			);
			path = circleLoader;
			sourceTree = "<group>";
		};
		1CD39E121C52E4C900736BCD /* loaderTests */ = {
			isa = PBXGroup;
			children = (
				1CD39E131C52E4C900736BCD /* loaderTests.swift */,
				1CD39E151C52E4C900736BCD /* Info.plist */,
			);
			name = loaderTests;
			path = circleLoaderTests;
			sourceTree = "<group>";
		};
		1CD39E1D1C52E4C900736BCD /* loaderUITests */ = {
			isa = PBXGroup;
			children = (
				1CD39E1E1C52E4C900736BCD /* loaderUITests.swift */,
				1CD39E201C52E4C900736BCD /* Info.plist */,
			);
			name = loaderUITests;
			path = circleLoaderUITests;
			sourceTree = "<group>";
		};
/* End PBXGroup section */

/* Begin PBXNativeTarget section */
		1CD39DFA1C52E4C800736BCD /* circleLoader */ = {
			isa = PBXNativeTarget;
			buildConfigurationList = 1CD39E231C52E4C900736BCD /* Build configuration list for PBXNativeTarget "circleLoader" */;
			buildPhases = (
				1CD39DF71C52E4C800736BCD /* Sources */,
				1CD39DF81C52E4C800736BCD /* Frameworks */,
				1CD39DF91C52E4C800736BCD /* Resources */,
			);
			buildRules = (
			);
			dependencies = (
			);
			name = circleLoader;
			productName = loader;
			productReference = 1CD39DFB1C52E4C800736BCD /* circleLoader.app */;
			productType = "com.apple.product-type.application";
		};
		1CD39E0E1C52E4C900736BCD /* circleLoaderTests */ = {
			isa = PBXNativeTarget;
			buildConfigurationList = 1CD39E261C52E4C900736BCD /* Build configuration list for PBXNativeTarget "circleLoaderTests" */;
			buildPhases = (
				1CD39E0B1C52E4C900736BCD /* Sources */,
				1CD39E0C1C52E4C900736BCD /* Frameworks */,
				1CD39E0D1C52E4C900736BCD /* Resources */,
			);
			buildRules = (
			);
			dependencies = (
				1CD39E111C52E4C900736BCD /* PBXTargetDependency */,
			);
			name = circleLoaderTests;
			productName = loaderTests;
			productReference = 1CD39E0F1C52E4C900736BCD /* circleLoader.xctest */;
			productType = "com.apple.product-type.bundle.unit-test";
		};
		1CD39E191C52E4C900736BCD /* circleLoaderUITests */ = {
			isa = PBXNativeTarget;
			buildConfigurationList = 1CD39E291C52E4C900736BCD /* Build configuration list for PBXNativeTarget "circleLoaderUITests" */;
			buildPhases = (
				1CD39E161C52E4C900736BCD /* Sources */,
				1CD39E171C52E4C900736BCD /* Frameworks */,
				1CD39E181C52E4C900736BCD /* Resources */,
			);
			buildRules = (
			);
			dependencies = (
				1CD39E1C1C52E4C900736BCD /* PBXTargetDependency */,
			);
			name = circleLoaderUITests;
			productName = loaderUITests;
			productReference = 1CD39E1A1C52E4C900736BCD /* circleLoader.xctest */;
			productType = "com.apple.product-type.bundle.ui-testing";
		};
/* End PBXNativeTarget section */

/* Begin PBXProject section */
		1CD39DF31C52E4C800736BCD /* Project object */ = {
			isa = PBXProject;
			attributes = {
				LastSwiftUpdateCheck = 0730;
				LastUpgradeCheck = 0730;
				ORGANIZATIONNAME = "Redonkulous Apps";
				TargetAttributes = {
					1CD39DFA1C52E4C800736BCD = {
						CreatedOnToolsVersion = 7.3;
					};
					1CD39E0E1C52E4C900736BCD = {
						CreatedOnToolsVersion = 7.3;
						TestTargetID = 1CD39DFA1C52E4C800736BCD;
					};
					1CD39E191C52E4C900736BCD = {
						CreatedOnToolsVersion = 7.3;
						TestTargetID = 1CD39DFA1C52E4C800736BCD;
					};
				};
			};
			buildConfigurationList = 1CD39DF61C52E4C800736BCD /* Build configuration list for PBXProject "circleLoader" */;
			compatibilityVersion = "Xcode 3.2";
			developmentRegion = English;
			hasScannedForEncodings = 0;
			knownRegions = (
				en,
				Base,
			);
			mainGroup = 1CD39DF21C52E4C800736BCD;
			productRefGroup = 1CD39DFC1C52E4C800736BCD /* Products */;
			projectDirPath = "";
			projectRoot = "";
			targets = (
				1CD39DFA1C52E4C800736BCD /* circleLoader */,
				1CD39E0E1C52E4C900736BCD /* circleLoaderTests */,
				1CD39E191C52E4C900736BCD /* circleLoaderUITests */,
			);
		};
/* End PBXProject section */

/* Begin PBXResourcesBuildPhase section */
		1CD39DF91C52E4C800736BCD /* Resources */ = {
			isa = PBXResourcesBuildPhase;
			buildActionMask = 2147483647;
			files = (
				1CD39E091C52E4C800736BCD /* LaunchScreen.storyboard in Resources */,
				1CD39E061C52E4C800736BCD /* Assets.xcassets in Resources */,
				1CD39E041C52E4C800736BCD /* Main.storyboard in Resources */,
			);
			runOnlyForDeploymentPostprocessing = 0;
		};
		1CD39E0D1C52E4C900736BCD /* Resources */ = {
			isa = PBXResourcesBuildPhase;
			buildActionMask = 2147483647;
			files = (
			);
			runOnlyForDeploymentPostprocessing = 0;
		};
		1CD39E181C52E4C900736BCD /* Resources */ = {
			isa = PBXResourcesBuildPhase;
			buildActionMask = 2147483647;
			files = (
			);
			runOnlyForDeploymentPostprocessing = 0;
		};
/* End PBXResourcesBuildPhase section */

/* Begin PBXSourcesBuildPhase section */
		1CD39DF71C52E4C800736BCD /* Sources */ = {
			isa = PBXSourcesBuildPhase;
			buildActionMask = 2147483647;
			files = (
				1CD39DFF1C52E4C800736BCD /* AppDelegate.swift in Sources */,
			);
			runOnlyForDeploymentPostprocessing = 0;
		};
		1CD39E0B1C52E4C900736BCD /* Sources */ = {
			isa = PBXSourcesBuildPhase;
			buildActionMask = 2147483647;
			files = (
				1CD39E141C52E4C900736BCD /* loaderTests.swift in Sources */,
			);
			runOnlyForDeploymentPostprocessing = 0;
		};
		1CD39E161C52E4C900736BCD /* Sources */ = {
			isa = PBXSourcesBuildPhase;
			buildActionMask = 2147483647;
			files = (
				1CD39E1F1C52E4C900736BCD /* loaderUITests.swift in Sources */,
			);
			runOnlyForDeploymentPostprocessing = 0;
		};
/* End PBXSourcesBuildPhase section */

/* Begin PBXTargetDependency section */
		1CD39E111C52E4C900736BCD /* PBXTargetDependency */ = {
			isa = PBXTargetDependency;
			target = 1CD39DFA1C52E4C800736BCD /* circleLoader */;
			targetProxy = 1CD39E101C52E4C900736BCD /* PBXContainerItemProxy */;
		};
		1CD39E1C1C52E4C900736BCD /* PBXTargetDependency */ = {
			isa = PBXTargetDependency;
			target = 1CD39DFA1C52E4C800736BCD /* circleLoader */;
			targetProxy = 1CD39E1B1C52E4C900736BCD /* PBXContainerItemProxy */;
		};
/* End PBXTargetDependency section */

/* Begin PBXVariantGroup section */
		1CD39E021C52E4C800736BCD /* Main.storyboard */ = {
			isa = PBXVariantGroup;
			children = (
				1CD39E031C52E4C800736BCD /* Base */,
			);
			name = Main.storyboard;
			sourceTree = "<group>";
		};
		1CD39E071C52E4C800736BCD /* LaunchScreen.storyboard */ = {
			isa = PBXVariantGroup;
			children = (
				1CD39E081C52E4C800736BCD /* Base */,
			);
			name = LaunchScreen.storyboard;
			sourceTree = "<group>";
		};
/* End PBXVariantGroup section */

/* Begin XCBuildConfiguration section */
		1CD39E211C52E4C900736BCD /* Debug */ = {
			isa = XCBuildConfiguration;
			buildSettings = {
				ALWAYS_SEARCH_USER_PATHS = NO;
				CLANG_CXX_LANGUAGE_STANDARD = "gnu++0x";
				CLANG_CXX_LIBRARY = "libc++";
				CLANG_ENABLE_MODULES = YES;
				CLANG_ENABLE_OBJC_ARC = YES;
				CLANG_WARN_BOOL_CONVERSION = YES;
				CLANG_WARN_CONSTANT_CONVERSION = YES;
				CLANG_WARN_DIRECT_OBJC_ISA_USAGE = YES_ERROR;
				CLANG_WARN_EMPTY_BODY = YES;
				CLANG_WARN_ENUM_CONVERSION = YES;
				CLANG_WARN_INT_CONVERSION = YES;
				CLANG_WARN_OBJC_ROOT_CLASS = YES_ERROR;
				CLANG_WARN_UNREACHABLE_CODE = YES;
				CLANG_WARN__DUPLICATE_METHOD_MATCH = YES;
				"CODE_SIGN_IDENTITY[sdk=iphoneos*]" = "iPhone Developer";
				COPY_PHASE_STRIP = NO;
				DEBUG_INFORMATION_FORMAT = dwarf;
				ENABLE_STRICT_OBJC_MSGSEND = YES;
				ENABLE_TESTABILITY = YES;
				GCC_C_LANGUAGE_STANDARD = gnu99;
				GCC_DYNAMIC_NO_PIC = NO;
				GCC_NO_COMMON_BLOCKS = YES;
				GCC_OPTIMIZATION_LEVEL = 0;
				GCC_PREPROCESSOR_DEFINITIONS = (
					"DEBUG=1",
					"$(inherited)",
				);
				GCC_WARN_64_TO_32_BIT_CONVERSION = YES;
				GCC_WARN_ABOUT_RETURN_TYPE = YES_ERROR;
				GCC_WARN_UNDECLARED_SELECTOR = YES;
				GCC_WARN_UNINITIALIZED_AUTOS = YES_AGGRESSIVE;
				GCC_WARN_UNUSED_FUNCTION = YES;
				GCC_WARN_UNUSED_VARIABLE = YES;
				IPHONEOS_DEPLOYMENT_TARGET = 9.3;
				MTL_ENABLE_DEBUG_INFO = YES;
				ONLY_ACTIVE_ARCH = YES;
				SDKROOT = iphoneos;
				SWIFT_OPTIMIZATION_LEVEL = "-Onone";
				TARGETED_DEVICE_FAMILY = "1,2";
			};
			name = Debug;
		};
		1CD39E221C52E4C900736BCD /* Release */ = {
			isa = XCBuildConfiguration;
			buildSettings = {
				ALWAYS_SEARCH_USER_PATHS = NO;
				CLANG_CXX_LANGUAGE_STANDARD = "gnu++0x";
				CLANG_CXX_LIBRARY = "libc++";
				CLANG_ENABLE_MODULES = YES;
				CLANG_ENABLE_OBJC_ARC = YES;
				CLANG_WARN_BOOL_CONVERSION = YES;
				CLANG_WARN_CONSTANT_CONVERSION = YES;
				CLANG_WARN_DIRECT_OBJC_ISA_USAGE = YES_ERROR;
				CLANG_WARN_EMPTY_BODY = YES;
				CLANG_WARN_ENUM_CONVERSION = YES;
				CLANG_WARN_INT_CONVERSION = YES;
				CLANG_WARN_OBJC_ROOT_CLASS = YES_ERROR;
				CLANG_WARN_UNREACHABLE_CODE = YES;
				CLANG_WARN__DUPLICATE_METHOD_MATCH = YES;
				"CODE_SIGN_IDENTITY[sdk=iphoneos*]" = "iPhone Developer";
				COPY_PHASE_STRIP = NO;
				DEBUG_INFORMATION_FORMAT = "dwarf-with-dsym";
				ENABLE_NS_ASSERTIONS = NO;
				ENABLE_STRICT_OBJC_MSGSEND = YES;
				GCC_C_LANGUAGE_STANDARD = gnu99;
				GCC_NO_COMMON_BLOCKS = YES;
				GCC_WARN_64_TO_32_BIT_CONVERSION = YES;
				GCC_WARN_ABOUT_RETURN_TYPE = YES_ERROR;
				GCC_WARN_UNDECLARED_SELECTOR = YES;
				GCC_WARN_UNINITIALIZED_AUTOS = YES_AGGRESSIVE;
				GCC_WARN_UNUSED_FUNCTION = YES;
				GCC_WARN_UNUSED_VARIABLE = YES;
				IPHONEOS_DEPLOYMENT_TARGET = 9.3;
				MTL_ENABLE_DEBUG_INFO = NO;
				SDKROOT = iphoneos;
				TARGETED_DEVICE_FAMILY = "1,2";
				VALIDATE_PRODUCT = YES;
			};
			name = Release;
		};
		1CD39E241C52E4C900736BCD /* Debug */ = {
			isa = XCBuildConfiguration;
			buildSettings = {
				ASSETCATALOG_COMPILER_APPICON_NAME = AppIcon;
				INFOPLIST_FILE = "$(SRCROOT)/circleLoader/Info.plist";
				LD_RUNPATH_SEARCH_PATHS = "$(inherited) @executable_path/Frameworks";
				PRODUCT_BUNDLE_IDENTIFIER = com.redonkulousapps.loader;
				PRODUCT_NAME = circleLoader;
			};
			name = Debug;
		};
		1CD39E251C52E4C900736BCD /* Release */ = {
			isa = XCBuildConfiguration;
			buildSettings = {
				ASSETCATALOG_COMPILER_APPICON_NAME = AppIcon;
				INFOPLIST_FILE = "$(SRCROOT)/circleLoader/Info.plist";
				LD_RUNPATH_SEARCH_PATHS = "$(inherited) @executable_path/Frameworks";
				PRODUCT_BUNDLE_IDENTIFIER = com.redonkulousapps.loader;
				PRODUCT_NAME = circleLoader;
			};
			name = Release;
		};
		1CD39E271C52E4C900736BCD /* Debug */ = {
			isa = XCBuildConfiguration;
			buildSettings = {
				BUNDLE_LOADER = "$(TEST_HOST)";
				INFOPLIST_FILE = loaderTests/Info.plist;
				LD_RUNPATH_SEARCH_PATHS = "$(inherited) @executable_path/Frameworks @loader_path/Frameworks";
				PRODUCT_BUNDLE_IDENTIFIER = com.redonkulousapps.loaderTests;
				PRODUCT_NAME = circleLoader;
				TEST_HOST = "$(BUILT_PRODUCTS_DIR)/circleLoader.app/circleLoader";
			};
			name = Debug;
		};
		1CD39E281C52E4C900736BCD /* Release */ = {
			isa = XCBuildConfiguration;
			buildSettings = {
				BUNDLE_LOADER = "$(TEST_HOST)";
				INFOPLIST_FILE = loaderTests/Info.plist;
				LD_RUNPATH_SEARCH_PATHS = "$(inherited) @executable_path/Frameworks @loader_path/Frameworks";
				PRODUCT_BUNDLE_IDENTIFIER = com.redonkulousapps.loaderTests;
				PRODUCT_NAME = circleLoader;
				TEST_HOST = "$(BUILT_PRODUCTS_DIR)/circleLoader.app/circleLoader";
			};
			name = Release;
		};
		1CD39E2A1C52E4C900736BCD /* Debug */ = {
			isa = XCBuildConfiguration;
			buildSettings = {
				INFOPLIST_FILE = loaderUITests/Info.plist;
				LD_RUNPATH_SEARCH_PATHS = "$(inherited) @executable_path/Frameworks @loader_path/Frameworks";
				PRODUCT_BUNDLE_IDENTIFIER = com.redonkulousapps.loaderUITests;
				PRODUCT_NAME = circleLoader;
				TEST_TARGET_NAME = loader;
			};
			name = Debug;
		};
		1CD39E2B1C52E4C900736BCD /* Release */ = {
			isa = XCBuildConfiguration;
			buildSettings = {
				INFOPLIST_FILE = loaderUITests/Info.plist;
				LD_RUNPATH_SEARCH_PATHS = "$(inherited) @executable_path/Frameworks @loader_path/Frameworks";
				PRODUCT_BUNDLE_IDENTIFIER = com.redonkulousapps.loaderUITests;
				PRODUCT_NAME = circleLoader;
				TEST_TARGET_NAME = loader;
			};
			name = Release;
		};
/* End XCBuildConfiguration section */

/* Begin XCConfigurationList section */
		1CD39DF61C52E4C800736BCD /* Build configuration list for PBXProject "circleLoader" */ = {
			isa = XCConfigurationList;
			buildConfigurations = (
				1CD39E211C52E4C900736BCD /* Debug */,
				1CD39E221C52E4C900736BCD /* Release */,
			);
			defaultConfigurationIsVisible = 0;
			defaultConfigurationName = Release;
		};
		1CD39E231C52E4C900736BCD /* Build configuration list for PBXNativeTarget "circleLoader" */ = {
			isa = XCConfigurationList;
			buildConfigurations = (
				1CD39E241C52E4C900736BCD /* Debug */,
				1CD39E251C52E4C900736BCD /* Release */,
			);
			defaultConfigurationIsVisible = 0;
			defaultConfigurationName = Release;
		};
		1CD39E261C52E4C900736BCD /* Build configuration list for PBXNativeTarget "circleLoaderTests" */ = {
			isa = XCConfigurationList;
			buildConfigurations = (
				1CD39E271C52E4C900736BCD /* Debug */,
				1CD39E281C52E4C900736BCD /* Release */,
			);
			defaultConfigurationIsVisible = 0;
			defaultConfigurationName = Release;
		};
		1CD39E291C52E4C900736BCD /* Build configuration list for PBXNativeTarget "circleLoaderUITests" */ = {
			isa = XCConfigurationList;
			buildConfigurations = (
				1CD39E2A1C52E4C900736BCD /* Debug */,
				1CD39E2B1C52E4C900736BCD /* Release */,
			);
			defaultConfigurationIsVisible = 0;
			defaultConfigurationName = Release;
		};
/* End XCConfigurationList section */
	};
	rootObject = 1CD39DF31C52E4C800736BCD /* Project object */;
}
